// !$*UTF8*$!
{ archiveVersion = 1; classes = {}; objectVersion = 56; objects = {
7CC0D05D8627604E384BAE59 = { isa = PBXFileReference; lastKnownFileType = sourcecode.swift; path = "AppModel.swift"; sourceTree = "<group>"; };
99D99F46CB2483D59A41D021 = { isa = PBXBuildFile; fileRef = 7CC0D05D8627604E384BAE59; };
39B3ACECD60DD509365057EC = { isa = PBXFileReference; lastKnownFileType = sourcecode.swift; path = "Appearance/ThemeView.swift"; sourceTree = "<group>"; };
A3D815AB4EF84BC2F1E5C895 = { isa = PBXBuildFile; fileRef = 39B3ACECD60DD509365057EC; };
2378E284D44A8AB47749C2E3 = { isa = PBXFileReference; lastKnownFileType = sourcecode.swift; path = "Companion/CompanionView.swift"; sourceTree = "<group>"; };
E547D5C60260750A3DA5DA15 = { isa = PBXBuildFile; fileRef = 2378E284D44A8AB47749C2E3; };
1D6B2EED9A03EFF84435C1D3 = { isa = PBXFileReference; lastKnownFileType = sourcecode.swift; path = "Discovery.swift"; sourceTree = "<group>"; };
EA38218FA6C081824BC11DD3 = { isa = PBXBuildFile; fileRef = 1D6B2EED9A03EFF84435C1D3; };
3B3B840AB42D388A45AE394B = { isa = PBXFileReference; lastKnownFileType = sourcecode.swift; path = "ICS.swift"; sourceTree = "<group>"; };
94DD76E49BE06FFC90C4BBDB = { isa = PBXBuildFile; fileRef = 3B3B840AB42D388A45AE394B; };
E32E3AA295F80EB47DE5963C = { isa = PBXFileReference; lastKnownFileType = sourcecode.swift; path = "LaunchFixture.swift"; sourceTree = "<group>"; };
74007A131C12BF9A59DA7EDC = { isa = PBXBuildFile; fileRef = E32E3AA295F80EB47DE5963C; };
48CA22990E9801453B62D924 = { isa = PBXFileReference; lastKnownFileType = sourcecode.swift; path = "LocalStore.swift"; sourceTree = "<group>"; };
3F9F97042721F5A929997F1D = { isa = PBXBuildFile; fileRef = 48CA22990E9801453B62D924; };
B57653268C2D4837C47C8346 = { isa = PBXFileReference; lastKnownFileType = sourcecode.swift; path = "Models.swift"; sourceTree = "<group>"; };
0AC50C253FE315E635E37A0C = { isa = PBXBuildFile; fileRef = B57653268C2D4837C47C8346; };
782826C003B2E04B5933D8F6 = { isa = PBXFileReference; lastKnownFileType = sourcecode.swift; path = "Notifications.swift"; sourceTree = "<group>"; };
83065144CF5345F7C47C3035 = { isa = PBXBuildFile; fileRef = 782826C003B2E04B5933D8F6; };
2ECFD76E91A1A34F70B1FECE = { isa = PBXFileReference; lastKnownFileType = sourcecode.swift; path = "Pairing.swift"; sourceTree = "<group>"; };
B890FFC71489189C156F3E8F = { isa = PBXBuildFile; fileRef = 2ECFD76E91A1A34F70B1FECE; };
5A4BA7C508932821495B014D = { isa = PBXFileReference; lastKnownFileType = sourcecode.swift; path = "Productivity/CalendarProjection.swift"; sourceTree = "<group>"; };
E547FBD177A5DF4386219949 = { isa = PBXBuildFile; fileRef = 5A4BA7C508932821495B014D; };
03CF27BDC1A40C2592E5796C = { isa = PBXFileReference; lastKnownFileType = sourcecode.swift; path = "Productivity/CalendarView.swift"; sourceTree = "<group>"; };
2B5DA966B7A33550690B0EBB = { isa = PBXBuildFile; fileRef = 03CF27BDC1A40C2592E5796C; };
C8BF7E64885C01BE6D64D1AA = { isa = PBXFileReference; lastKnownFileType = sourcecode.swift; path = "Productivity/DomainView.swift"; sourceTree = "<group>"; };
206DC100B83B99A5E4A92588 = { isa = PBXBuildFile; fileRef = C8BF7E64885C01BE6D64D1AA; };
EA73D45031CCA607DB793F6D = { isa = PBXFileReference; lastKnownFileType = sourcecode.swift; path = "Productivity/Editors.swift"; sourceTree = "<group>"; };
F0F0B4AB6DF8B88DC29E2A8E = { isa = PBXBuildFile; fileRef = EA73D45031CCA607DB793F6D; };
9A06E8574161478FC1E1EEF3 = { isa = PBXFileReference; lastKnownFileType = sourcecode.swift; path = "QRScanner.swift"; sourceTree = "<group>"; };
1270BB9AA5E984CEE63EFBC6 = { isa = PBXBuildFile; fileRef = 9A06E8574161478FC1E1EEF3; };
8E05F2373EDCE8A5F81C422D = { isa = PBXFileReference; lastKnownFileType = sourcecode.swift; path = "Recurrence.swift"; sourceTree = "<group>"; };
5DA5D4ECDE5B4615A5B92F47 = { isa = PBXBuildFile; fileRef = 8E05F2373EDCE8A5F81C422D; };
1306C81E179BC9762E759B14 = { isa = PBXFileReference; lastKnownFileType = sourcecode.swift; path = "Shared/BackgroundView.swift"; sourceTree = "<group>"; };
22DEBAAF627A329B7F0A328A = { isa = PBXBuildFile; fileRef = 1306C81E179BC9762E759B14; };
3AEC2BC3473887B99DC9F5BF = { isa = PBXFileReference; lastKnownFileType = sourcecode.swift; path = "Shared/Components.swift"; sourceTree = "<group>"; };
F31A70453EEC9FED66AB5E32 = { isa = PBXBuildFile; fileRef = 3AEC2BC3473887B99DC9F5BF; };
D6715C49DB8D0C2FAD05CB37 = { isa = PBXFileReference; lastKnownFileType = sourcecode.swift; path = "Shared/SyncStatus.swift"; sourceTree = "<group>"; };
FE74714E4F1F8A937869389D = { isa = PBXBuildFile; fileRef = D6715C49DB8D0C2FAD05CB37; };
33D2F12714C917E33564C325 = { isa = PBXFileReference; lastKnownFileType = sourcecode.swift; path = "Shared/Theme.swift"; sourceTree = "<group>"; };
C3EC477841FD0BDF96F8605B = { isa = PBXBuildFile; fileRef = 33D2F12714C917E33564C325; };
A9E48139ED239AD28089C24B = { isa = PBXFileReference; lastKnownFileType = sourcecode.swift; path = "Shell/PresentationStore.swift"; sourceTree = "<group>"; };
09F422FA5915240F5CEF4D52 = { isa = PBXBuildFile; fileRef = A9E48139ED239AD28089C24B; };
B2AD67DFED1DAE098D862C69 = { isa = PBXFileReference; lastKnownFileType = sourcecode.swift; path = "Shell/RootView.swift"; sourceTree = "<group>"; };
4E1B6B2078D386DFE730649F = { isa = PBXBuildFile; fileRef = B2AD67DFED1DAE098D862C69; };
37937EA09411DE4272063BE5 = { isa = PBXFileReference; lastKnownFileType = sourcecode.swift; path = "TinkerCompanionApp.swift"; sourceTree = "<group>"; };
1CCB34D4F6ECA66D0D9A3F75 = { isa = PBXBuildFile; fileRef = 37937EA09411DE4272063BE5; };
96CA06D7ADF125D0A3C5C1D6 = { isa = PBXFileReference; lastKnownFileType = sourcecode.swift; path = "Workspaces/Collections.swift"; sourceTree = "<group>"; };
20472CA67AAD4CB55D0A12D1 = { isa = PBXBuildFile; fileRef = 96CA06D7ADF125D0A3C5C1D6; };
013BEF1710C06BF2A9E45BFA = { isa = PBXFileReference; lastKnownFileType = sourcecode.swift; path = "Workspaces/Communication.swift"; sourceTree = "<group>"; };
3363A491E0EA984A6309FC02 = { isa = PBXBuildFile; fileRef = 013BEF1710C06BF2A9E45BFA; };
F1BF025F7D17690F0F00AC4D = { isa = PBXFileReference; lastKnownFileType = sourcecode.swift; path = "Workspaces/HomeView.swift"; sourceTree = "<group>"; };
F445F26E2299F2724C4AC7D8 = { isa = PBXBuildFile; fileRef = F1BF025F7D17690F0F00AC4D; };
F637F1CBEF8B32FD9CEAEF06 = { isa = PBXFileReference; lastKnownFileType = sourcecode.swift; path = "Workspaces/Intelligence.swift"; sourceTree = "<group>"; };
E0FBA3F231006C7431C11920 = { isa = PBXBuildFile; fileRef = F637F1CBEF8B32FD9CEAEF06; };
FDBA472B1D8B7F83335B3B00 = { isa = PBXFileReference; lastKnownFileType = sourcecode.swift; path = "Workspaces/ServiceSettingsView.swift"; sourceTree = "<group>"; };
5C40FCEF6BEB0BB724185C60 = { isa = PBXBuildFile; fileRef = FDBA472B1D8B7F83335B3B00; };
29926A1331EA8FCA61BE2E5A = { isa = PBXGroup; children = (7CC0D05D8627604E384BAE59,39B3ACECD60DD509365057EC,2378E284D44A8AB47749C2E3,1D6B2EED9A03EFF84435C1D3,3B3B840AB42D388A45AE394B,E32E3AA295F80EB47DE5963C,48CA22990E9801453B62D924,B57653268C2D4837C47C8346,782826C003B2E04B5933D8F6,2ECFD76E91A1A34F70B1FECE,5A4BA7C508932821495B014D,03CF27BDC1A40C2592E5796C,C8BF7E64885C01BE6D64D1AA,EA73D45031CCA607DB793F6D,9A06E8574161478FC1E1EEF3,8E05F2373EDCE8A5F81C422D,1306C81E179BC9762E759B14,3AEC2BC3473887B99DC9F5BF,D6715C49DB8D0C2FAD05CB37,33D2F12714C917E33564C325,A9E48139ED239AD28089C24B,B2AD67DFED1DAE098D862C69,37937EA09411DE4272063BE5,96CA06D7ADF125D0A3C5C1D6,013BEF1710C06BF2A9E45BFA,F1BF025F7D17690F0F00AC4D,F637F1CBEF8B32FD9CEAEF06,FDBA472B1D8B7F83335B3B00,); path = "TinkerCompanion"; sourceTree = "<group>"; };
A5B1906093CC28F4822CC13B = { isa = PBXFileReference; lastKnownFileType = sourcecode.swift; path = "CompanionTests.swift"; sourceTree = "<group>"; };
FEFCE4E7DAD4C01CC73E7542 = { isa = PBXBuildFile; fileRef = A5B1906093CC28F4822CC13B; };
008048D8CA278CAB6538AB51 = { isa = PBXFileReference; lastKnownFileType = sourcecode.swift; path = "PresentationModelTests.swift"; sourceTree = "<group>"; };
171BAFF728CBC0280E4DF43F = { isa = PBXBuildFile; fileRef = 008048D8CA278CAB6538AB51; };
9B929F2E78A867E4D55C0E38 = { isa = PBXGroup; children = (A5B1906093CC28F4822CC13B,008048D8CA278CAB6538AB51,); path = "TinkerCompanionTests"; sourceTree = "<group>"; };
5121ABD88588C13C9C8EDC97 = { isa = PBXFileReference; lastKnownFileType = sourcecode.swift; path = "PresentationTests.swift"; sourceTree = "<group>"; };
5C6CE9C291BAF4CBEC8D57FD = { isa = PBXBuildFile; fileRef = 5121ABD88588C13C9C8EDC97; };
EDED83A4C4BE099BF6454BC2 = { isa = PBXGroup; children = (5121ABD88588C13C9C8EDC97,); path = "TinkerCompanionUITests"; sourceTree = "<group>"; };
8A31B580AE43E945CED0A5E0 = { isa = PBXFileReference; lastKnownFileType = text.json; name = "snapshot-v2.json"; path = "../contracts/snapshot-v2.json"; sourceTree = "<group>"; };
F8A2DE539EBA355A3807D729 = { isa = PBXBuildFile; fileRef = 8A31B580AE43E945CED0A5E0; };
3CFF5E6537288E000E47C328 = { isa = PBXFileReference; lastKnownFileType = text.json; name = "theme-v1.json"; path = "../contracts/theme-v1.json"; sourceTree = "<group>"; };
13ED24EFC4215786E058A7F6 = { isa = PBXBuildFile; fileRef = 3CFF5E6537288E000E47C328; };
681C948D238C526E9E3424E0 = { isa = PBXFileReference; explicitFileType = wrapper.application; path = TinkerCompanion.app; sourceTree = BUILT_PRODUCTS_DIR; };
F739566ED5280322FF98A798 = { isa = PBXFileReference; explicitFileType = wrapper.cfbundle; path = TinkerCompanionTests.xctest; sourceTree = BUILT_PRODUCTS_DIR; };
93E46A602338E07A8524AEF6 = { isa = PBXFileReference; explicitFileType = wrapper.cfbundle; path = TinkerCompanionUITests.xctest; sourceTree = BUILT_PRODUCTS_DIR; };
0A3E27B8CA818264D75C8D81 = { isa = PBXGroup; children = (681C948D238C526E9E3424E0,F739566ED5280322FF98A798,93E46A602338E07A8524AEF6,); name = Products; sourceTree = "<group>"; };
0D6E4079E36703EBD37C0072 = { isa = PBXGroup; children = (29926A1331EA8FCA61BE2E5A,9B929F2E78A867E4D55C0E38,EDED83A4C4BE099BF6454BC2,8A31B580AE43E945CED0A5E0,3CFF5E6537288E000E47C328,0A3E27B8CA818264D75C8D81,); sourceTree = "<group>"; };
B00CCDD09424E369308D67FA = { isa = XCBuildConfiguration; buildSettings = { IPHONEOS_DEPLOYMENT_TARGET = 17.0; SDKROOT = iphoneos; SWIFT_VERSION = 5.0; TARGETED_DEVICE_FAMILY = 1; CODE_SIGN_STYLE = Automatic; SUPPORTED_PLATFORMS = "iphoneos iphonesimulator"; SUPPORTS_MACCATALYST = NO; PRODUCT_BUNDLE_IDENTIFIER = "com.bigbenkenobi.tinker-companion"; PRODUCT_NAME = "$(TARGET_NAME)"; INFOPLIST_FILE = TinkerCompanion/Info.plist; GENERATE_INFOPLIST_FILE = NO; OTHER_LDFLAGS = "$(inherited) -lsqlite3"; SWIFT_OPTIMIZATION_LEVEL = "-Onone"; ENABLE_TESTABILITY = YES; }; name = Debug; };
1B104479E55E37CF8A63CBDF = { isa = XCBuildConfiguration; buildSettings = { IPHONEOS_DEPLOYMENT_TARGET = 17.0; SDKROOT = iphoneos; SWIFT_VERSION = 5.0; TARGETED_DEVICE_FAMILY = 1; CODE_SIGN_STYLE = Automatic; SUPPORTED_PLATFORMS = "iphoneos iphonesimulator"; SUPPORTS_MACCATALYST = NO; PRODUCT_BUNDLE_IDENTIFIER = "com.bigbenkenobi.tinker-companion"; PRODUCT_NAME = "$(TARGET_NAME)"; INFOPLIST_FILE = TinkerCompanion/Info.plist; GENERATE_INFOPLIST_FILE = NO; OTHER_LDFLAGS = "$(inherited) -lsqlite3"; SWIFT_OPTIMIZATION_LEVEL = "-O"; }; name = Release; };
ECDF2AEE1CD3E527D2628E5F = { isa = XCConfigurationList; buildConfigurations = (B00CCDD09424E369308D67FA,1B104479E55E37CF8A63CBDF,); defaultConfigurationIsVisible = 0; defaultConfigurationName = Release; };
22341BB87F410D35D057D37C = { isa = XCBuildConfiguration; buildSettings = { IPHONEOS_DEPLOYMENT_TARGET = 17.0; SDKROOT = iphoneos; SWIFT_VERSION = 5.0; TARGETED_DEVICE_FAMILY = 1; CODE_SIGN_STYLE = Automatic; SUPPORTED_PLATFORMS = "iphoneos iphonesimulator"; SUPPORTS_MACCATALYST = NO; PRODUCT_BUNDLE_IDENTIFIER = "com.bigbenkenobi.tinker-companion.tests"; PRODUCT_NAME = "$(TARGET_NAME)"; GENERATE_INFOPLIST_FILE = YES; TEST_HOST = "$(BUILT_PRODUCTS_DIR)/TinkerCompanion.app/TinkerCompanion"; BUNDLE_LOADER = "$(TEST_HOST)"; SWIFT_OPTIMIZATION_LEVEL = "-Onone"; ENABLE_TESTABILITY = YES; }; name = Debug; };
A188B1844D481F2A55033242 = { isa = XCBuildConfiguration; buildSettings = { IPHONEOS_DEPLOYMENT_TARGET = 17.0; SDKROOT = iphoneos; SWIFT_VERSION = 5.0; TARGETED_DEVICE_FAMILY = 1; CODE_SIGN_STYLE = Automatic; SUPPORTED_PLATFORMS = "iphoneos iphonesimulator"; SUPPORTS_MACCATALYST = NO; PRODUCT_BUNDLE_IDENTIFIER = "com.bigbenkenobi.tinker-companion.tests"; PRODUCT_NAME = "$(TARGET_NAME)"; GENERATE_INFOPLIST_FILE = YES; TEST_HOST = "$(BUILT_PRODUCTS_DIR)/TinkerCompanion.app/TinkerCompanion"; BUNDLE_LOADER = "$(TEST_HOST)"; SWIFT_OPTIMIZATION_LEVEL = "-O"; }; name = Release; };
F85B81311F911E0691D9F26C = { isa = XCConfigurationList; buildConfigurations = (22341BB87F410D35D057D37C,A188B1844D481F2A55033242,); defaultConfigurationIsVisible = 0; defaultConfigurationName = Release; };
156F725150A84FCB69393542 = { isa = XCBuildConfiguration; buildSettings = { IPHONEOS_DEPLOYMENT_TARGET = 17.0; SDKROOT = iphoneos; SWIFT_VERSION = 5.0; TARGETED_DEVICE_FAMILY = 1; CODE_SIGN_STYLE = Automatic; SUPPORTED_PLATFORMS = "iphoneos iphonesimulator"; SUPPORTS_MACCATALYST = NO; PRODUCT_BUNDLE_IDENTIFIER = "com.bigbenkenobi.tinker-companion.uitests"; PRODUCT_NAME = "$(TARGET_NAME)"; GENERATE_INFOPLIST_FILE = YES; TEST_TARGET_NAME = TinkerCompanion; SWIFT_OPTIMIZATION_LEVEL = "-Onone"; ENABLE_TESTABILITY = YES; }; name = Debug; };
C23B5A69B2E27C3E5F160FC6 = { isa = XCBuildConfiguration; buildSettings = { IPHONEOS_DEPLOYMENT_TARGET = 17.0; SDKROOT = iphoneos; SWIFT_VERSION = 5.0; TARGETED_DEVICE_FAMILY = 1; CODE_SIGN_STYLE = Automatic; SUPPORTED_PLATFORMS = "iphoneos iphonesimulator"; SUPPORTS_MACCATALYST = NO; PRODUCT_BUNDLE_IDENTIFIER = "com.bigbenkenobi.tinker-companion.uitests"; PRODUCT_NAME = "$(TARGET_NAME)"; GENERATE_INFOPLIST_FILE = YES; TEST_TARGET_NAME = TinkerCompanion; SWIFT_OPTIMIZATION_LEVEL = "-O"; }; name = Release; };
981CECF234A8C3FF577676DF = { isa = XCConfigurationList; buildConfigurations = (156F725150A84FCB69393542,C23B5A69B2E27C3E5F160FC6,); defaultConfigurationIsVisible = 0; defaultConfigurationName = Release; };
73EBF6644258C120893E685D = { isa = XCBuildConfiguration; buildSettings = { CLANG_ENABLE_MODULES = YES; SWIFT_VERSION = 5.0; IPHONEOS_DEPLOYMENT_TARGET = 17.0; SWIFT_OPTIMIZATION_LEVEL = "-Onone"; ENABLE_TESTABILITY = YES; }; name = Debug; };
0B0C687DF8B6B8DC790B519C = { isa = XCBuildConfiguration; buildSettings = { CLANG_ENABLE_MODULES = YES; SWIFT_VERSION = 5.0; IPHONEOS_DEPLOYMENT_TARGET = 17.0; SWIFT_OPTIMIZATION_LEVEL = "-O"; }; name = Release; };
FFE8EE2E0BE1F5956FA67195 = { isa = XCConfigurationList; buildConfigurations = (73EBF6644258C120893E685D,0B0C687DF8B6B8DC790B519C,); defaultConfigurationIsVisible = 0; defaultConfigurationName = Release; };
6BAB02B549A96CC50D0CA977 = { isa = PBXSourcesBuildPhase; buildActionMask = 2147483647; files = (99D99F46CB2483D59A41D021,A3D815AB4EF84BC2F1E5C895,E547D5C60260750A3DA5DA15,EA38218FA6C081824BC11DD3,94DD76E49BE06FFC90C4BBDB,74007A131C12BF9A59DA7EDC,3F9F97042721F5A929997F1D,0AC50C253FE315E635E37A0C,83065144CF5345F7C47C3035,B890FFC71489189C156F3E8F,E547FBD177A5DF4386219949,2B5DA966B7A33550690B0EBB,206DC100B83B99A5E4A92588,F0F0B4AB6DF8B88DC29E2A8E,1270BB9AA5E984CEE63EFBC6,5DA5D4ECDE5B4615A5B92F47,22DEBAAF627A329B7F0A328A,F31A70453EEC9FED66AB5E32,FE74714E4F1F8A937869389D,C3EC477841FD0BDF96F8605B,09F422FA5915240F5CEF4D52,4E1B6B2078D386DFE730649F,1CCB34D4F6ECA66D0D9A3F75,20472CA67AAD4CB55D0A12D1,3363A491E0EA984A6309FC02,F445F26E2299F2724C4AC7D8,E0FBA3F231006C7431C11920,5C40FCEF6BEB0BB724185C60,); runOnlyForDeploymentPostprocessing = 0; };
093A8EEF16CCA81BE763994D = { isa = PBXFrameworksBuildPhase; buildActionMask = 2147483647; files = (); runOnlyForDeploymentPostprocessing = 0; };
DAB7151652C25D9B83C5FD83 = { isa = PBXResourcesBuildPhase; buildActionMask = 2147483647; files = (); runOnlyForDeploymentPostprocessing = 0; };
34667A0B374DB2F8489259B4 = { isa = PBXSourcesBuildPhase; buildActionMask = 2147483647; files = (FEFCE4E7DAD4C01CC73E7542,171BAFF728CBC0280E4DF43F,); runOnlyForDeploymentPostprocessing = 0; };
A8422A2543322E1C813E9CDF = { isa = PBXFrameworksBuildPhase; buildActionMask = 2147483647; files = (); runOnlyForDeploymentPostprocessing = 0; };
672C0B726EBAF9D264249857 = { isa = PBXResourcesBuildPhase; buildActionMask = 2147483647; files = (F8A2DE539EBA355A3807D729,13ED24EFC4215786E058A7F6,); runOnlyForDeploymentPostprocessing = 0; };
5894A492A7BEBE9A5E44FFDC = { isa = PBXSourcesBuildPhase; buildActionMask = 2147483647; files = (5C6CE9C291BAF4CBEC8D57FD,); runOnlyForDeploymentPostprocessing = 0; };
0E9044E3168973EB458A26BD = { isa = PBXFrameworksBuildPhase; buildActionMask = 2147483647; files = (); runOnlyForDeploymentPostprocessing = 0; };
8F1584474F8FC35C9F8BC88A = { isa = PBXResourcesBuildPhase; buildActionMask = 2147483647; files = (); runOnlyForDeploymentPostprocessing = 0; };
1241936D4DD3AAD68FE7BFBD = { isa = PBXContainerItemProxy; containerPortal = 244210E48437B6556980A702; proxyType = 1; remoteGlobalIDString = C1E9827DB735CA9BAA54A540; remoteInfo = TinkerCompanion; };
F26350DAFE3F19AABFD69AC4 = { isa = PBXTargetDependency; target = C1E9827DB735CA9BAA54A540; targetProxy = 1241936D4DD3AAD68FE7BFBD; };
C1E9827DB735CA9BAA54A540 = { isa = PBXNativeTarget; buildConfigurationList = ECDF2AEE1CD3E527D2628E5F; buildPhases = (6BAB02B549A96CC50D0CA977,093A8EEF16CCA81BE763994D,DAB7151652C25D9B83C5FD83,); buildRules = (); dependencies = (); name = TinkerCompanion; productName = TinkerCompanion; productReference = 681C948D238C526E9E3424E0; productType = "com.apple.product-type.application"; };
9F2097400090526FFEF9A221 = { isa = PBXNativeTarget; buildConfigurationList = F85B81311F911E0691D9F26C; buildPhases = (34667A0B374DB2F8489259B4,A8422A2543322E1C813E9CDF,672C0B726EBAF9D264249857,); buildRules = (); dependencies = (F26350DAFE3F19AABFD69AC4,); name = TinkerCompanionTests; productName = TinkerCompanionTests; productReference = F739566ED5280322FF98A798; productType = "com.apple.product-type.bundle.unit-test"; };
4EA0BBFB4641B4E941FBF077 = { isa = PBXNativeTarget; buildConfigurationList = 981CECF234A8C3FF577676DF; buildPhases = (5894A492A7BEBE9A5E44FFDC,0E9044E3168973EB458A26BD,8F1584474F8FC35C9F8BC88A,); buildRules = (); dependencies = (F26350DAFE3F19AABFD69AC4,); name = TinkerCompanionUITests; productName = TinkerCompanionUITests; productReference = 93E46A602338E07A8524AEF6; productType = "com.apple.product-type.bundle.ui-testing"; };
244210E48437B6556980A702 = { isa = PBXProject; attributes = { LastUpgradeCheck = 1600; }; buildConfigurationList = FFE8EE2E0BE1F5956FA67195; compatibilityVersion = "Xcode 14.0"; developmentRegion = en; hasScannedForEncodings = 0; knownRegions = (en,Base); mainGroup = 0D6E4079E36703EBD37C0072; productRefGroup = 0A3E27B8CA818264D75C8D81; projectDirPath = ""; projectRoot = ""; targets = (C1E9827DB735CA9BAA54A540,9F2097400090526FFEF9A221,4EA0BBFB4641B4E941FBF077,); };
}; rootObject = 244210E48437B6556980A702; }
